// !$*UTF8*$!
{
	archiveVersion = 1;
	classes = {
	};
	objectVersion = 51;
	objects = {

/* Begin PBXBuildFile section */
		17BDF083237FAEEA004A84CC /* AppDelegate.swift in Sources */ = {isa = PBXBuildFile; fileRef = 17BDF082237FAEEA004A84CC /* AppDelegate.swift */; };
		17BDF085237FAEEA004A84CC /* SceneDelegate.swift in Sources */ = {isa = PBXBuildFile; fileRef = 17BDF084237FAEEA004A84CC /* SceneDelegate.swift */; };
		17BDF08A237FAEEA004A84CC /* Main.storyboard in Resources */ = {isa = PBXBuildFile; fileRef = 17BDF088237FAEEA004A84CC /* Main.storyboard */; };
		17BDF08C237FAEEF004A84CC /* Assets.xcassets in Resources */ = {isa = PBXBuildFile; fileRef = 17BDF08B237FAEEF004A84CC /* Assets.xcassets */; };
		17BDF08F237FAEEF004A84CC /* LaunchScreen.storyboard in Resources */ = {isa = PBXBuildFile; fileRef = 17BDF08D237FAEEF004A84CC /* LaunchScreen.storyboard */; };
		17CEEECD237FB340006A7CCF /* LoginViewController.swift in Sources */ = {isa = PBXBuildFile; fileRef = 17CEEECC237FB340006A7CCF /* LoginViewController.swift */; };
		17CEEECF237FB359006A7CCF /* FeedViewController.swift in Sources */ = {isa = PBXBuildFile; fileRef = 17CEEECE237FB359006A7CCF /* FeedViewController.swift */; };
		17CEEED1237FBB87006A7CCF /* CameraViewController.swift in Sources */ = {isa = PBXBuildFile; fileRef = 17CEEED0237FBB87006A7CCF /* CameraViewController.swift */; };
		17CEEED3237FCCFC006A7CCF /* PostCell.swift in Sources */ = {isa = PBXBuildFile; fileRef = 17CEEED2237FCCFC006A7CCF /* PostCell.swift */; };
		3AB39FA1DD5CAE0F0BDF12CA /* Pods_Parstagram.framework in Frameworks */ = {isa = PBXBuildFile; fileRef = 33178199C28E24E3DCD7FC03 /* Pods_Parstagram.framework */; };
/* End PBXBuildFile section */

/* Begin PBXFileReference section */
		17BDF07F237FAEEA004A84CC /* Parstagram.app */ = {isa = PBXFileReference; explicitFileType = wrapper.application; includeInIndex = 0; path = Parstagram.app; sourceTree = BUILT_PRODUCTS_DIR; };
		17BDF082237FAEEA004A84CC /* AppDelegate.swift */ = {isa = PBXFileReference; lastKnownFileType = sourcecode.swift; path = AppDelegate.swift; sourceTree = "<group>"; };
		17BDF084237FAEEA004A84CC /* SceneDelegate.swift */ = {isa = PBXFileReference; lastKnownFileType = sourcecode.swift; path = SceneDelegate.swift; sourceTree = "<group>"; };
		17BDF089237FAEEA004A84CC /* Base */ = {isa = PBXFileReference; lastKnownFileType = file.storyboard; name = Base; path = Base.lproj/Main.storyboard; sourceTree = "<group>"; };
		17BDF08B237FAEEF004A84CC /* Assets.xcassets */ = {isa = PBXFileReference; lastKnownFileType = folder.assetcatalog; path = Assets.xcassets; sourceTree = "<group>"; };
		17BDF08E237FAEEF004A84CC /* Base */ = {isa = PBXFileReference; lastKnownFileType = file.storyboard; name = Base; path = Base.lproj/LaunchScreen.storyboard; sourceTree = "<group>"; };
		17BDF090237FAEEF004A84CC /* Info.plist */ = {isa = PBXFileReference; lastKnownFileType = text.plist.xml; path = Info.plist; sourceTree = "<group>"; };
		17CEEECC237FB340006A7CCF /* LoginViewController.swift */ = {isa = PBXFileReference; lastKnownFileType = sourcecode.swift; path = LoginViewController.swift; sourceTree = "<group>"; };
		17CEEECE237FB359006A7CCF /* FeedViewController.swift */ = {isa = PBXFileReference; lastKnownFileType = sourcecode.swift; path = FeedViewController.swift; sourceTree = "<group>"; };
		17CEEED0237FBB87006A7CCF /* CameraViewController.swift */ = {isa = PBXFileReference; lastKnownFileType = sourcecode.swift; path = CameraViewController.swift; sourceTree = "<group>"; };
		17CEEED2237FCCFC006A7CCF /* PostCell.swift */ = {isa = PBXFileReference; lastKnownFileType = sourcecode.swift; path = PostCell.swift; sourceTree = "<group>"; };
		2C6FC7FBBFABFFC50FC7F6D4 /* Pods-Parstagram.debug.xcconfig */ = {isa = PBXFileReference; includeInIndex = 1; lastKnownFileType = text.xcconfig; name = "Pods-Parstagram.debug.xcconfig"; path = "Target Support Files/Pods-Parstagram/Pods-Parstagram.debug.xcconfig"; sourceTree = "<group>"; };
		33178199C28E24E3DCD7FC03 /* Pods_Parstagram.framework */ = {isa = PBXFileReference; explicitFileType = wrapper.framework; includeInIndex = 0; path = Pods_Parstagram.framework; sourceTree = BUILT_PRODUCTS_DIR; };
		769CFCFB8871084ED758C860 /* Pods-Parstagram.release.xcconfig */ = {isa = PBXFileReference; includeInIndex = 1; lastKnownFileType = text.xcconfig; name = "Pods-Parstagram.release.xcconfig"; path = "Target Support Files/Pods-Parstagram/Pods-Parstagram.release.xcconfig"; sourceTree = "<group>"; };
/* End PBXFileReference section */

/* Begin PBXFrameworksBuildPhase section */
		17BDF07C237FAEEA004A84CC /* Frameworks */ = {
			isa = PBXFrameworksBuildPhase;
			buildActionMask = 2147483647;
			files = (
				3AB39FA1DD5CAE0F0BDF12CA /* Pods_Parstagram.framework in Frameworks */,
			);
			runOnlyForDeploymentPostprocessing = 0;
		};
/* End PBXFrameworksBuildPhase section */

/* Begin PBXGroup section */
		17BDF076237FAEEA004A84CC = {
			isa = PBXGroup;
			children = (
				17BDF081237FAEEA004A84CC /* Parstagram */,
				17BDF080237FAEEA004A84CC /* Products */,
				CA2E5FDBA37116CFD737F0CF /* Pods */,
				E7D46C4EFBA463B91A605D7B /* Frameworks */,
			);
			sourceTree = "<group>";
		};
		17BDF080237FAEEA004A84CC /* Products */ = {
			isa = PBXGroup;
			children = (
				17BDF07F237FAEEA004A84CC /* Parstagram.app */,
			);
			name = Products;
			sourceTree = "<group>";
		};
		17BDF081237FAEEA004A84CC /* Parstagram */ = {
			isa = PBXGroup;
			children = (
				17BDF082237FAEEA004A84CC /* AppDelegate.swift */,
				17BDF084237FAEEA004A84CC /* SceneDelegate.swift */,
				17BDF088237FAEEA004A84CC /* Main.storyboard */,
				17BDF08B237FAEEF004A84CC /* Assets.xcassets */,
				17BDF08D237FAEEF004A84CC /* LaunchScreen.storyboard */,
				17BDF090237FAEEF004A84CC /* Info.plist */,
				17CEEECC237FB340006A7CCF /* LoginViewController.swift */,
				17CEEECE237FB359006A7CCF /* FeedViewController.swift */,
				17CEEED0237FBB87006A7CCF /* CameraViewController.swift */,
				17CEEED2237FCCFC006A7CCF /* PostCell.swift */,
			);
			path = Parstagram;
			sourceTree = "<group>";
		};
		CA2E5FDBA37116CFD737F0CF /* Pods */ = {
			isa = PBXGroup;
			children = (
				2C6FC7FBBFABFFC50FC7F6D4 /* Pods-Parstagram.debug.xcconfig */,
				769CFCFB8871084ED758C860 /* Pods-Parstagram.release.xcconfig */,
			);
			path = Pods;
			sourceTree = "<group>";
		};
		E7D46C4EFBA463B91A605D7B /* Frameworks */ = {
			isa = PBXGroup;
			children = (
				33178199C28E24E3DCD7FC03 /* Pods_Parstagram.framework */,
			);
			name = Frameworks;
			sourceTree = "<group>";
		};
/* End PBXGroup section */

/* Begin PBXNativeTarget section */
		17BDF07E237FAEEA004A84CC /* Parstagram */ = {
			isa = PBXNativeTarget;
			buildConfigurationList = 17BDF093237FAEEF004A84CC /* Build configuration list for PBXNativeTarget "Parstagram" */;
			buildPhases = (
				5F9437AF30314D618AFCB57A /* [CP] Check Pods Manifest.lock */,
				17BDF07B237FAEEA004A84CC /* Sources */,
				17BDF07C237FAEEA004A84CC /* Frameworks */,
				17BDF07D237FAEEA004A84CC /* Resources */,
				16C9E23782F28FB4FF7B71C5 /* [CP] Embed Pods Frameworks */,
			);
			buildRules = (
			);
			dependencies = (
			);
			name = Parstagram;
			productName = Parstagram;
			productReference = 17BDF07F237FAEEA004A84CC /* Parstagram.app */;
			productType = "com.apple.product-type.application";
		};
/* End PBXNativeTarget section */

/* Begin PBXProject section */
		17BDF077237FAEEA004A84CC /* Project object */ = {
			isa = PBXProject;
			attributes = {
				LastSwiftUpdateCheck = 1100;
				LastUpgradeCheck = 1100;
				ORGANIZATIONNAME = diarreola;
				TargetAttributes = {
					17BDF07E237FAEEA004A84CC = {
						CreatedOnToolsVersion = 11.0;
					};
				};
			};
			buildConfigurationList = 17BDF07A237FAEEA004A84CC /* Build configuration list for PBXProject "Parstagram" */;
			compatibilityVersion = "Xcode 9.3";
			developmentRegion = en;
			hasScannedForEncodings = 0;
			knownRegions = (
				en,
				Base,
			);
			mainGroup = 17BDF076237FAEEA004A84CC;
			productRefGroup = 17BDF080237FAEEA004A84CC /* Products */;
			projectDirPath = "";
			projectRoot = "";
			targets = (
				17BDF07E237FAEEA004A84CC /* Parstagram */,
			);
		};
/* End PBXProject section */

/* Begin PBXResourcesBuildPhase section */
		17BDF07D237FAEEA004A84CC /* Resources */ = {
			isa = PBXResourcesBuildPhase;
			buildActionMask = 2147483647;
			files = (
				17BDF08F237FAEEF004A84CC /* LaunchScreen.storyboard in Resources */,
				17BDF08C237FAEEF004A84CC /* Assets.xcassets in Resources */,
				17BDF08A237FAEEA004A84CC /* Main.storyboard in Resources */,
			);
			runOnlyForDeploymentPostprocessing = 0;
		};
/* End PBXResourcesBuildPhase section */

/* Begin PBXShellScriptBuildPhase section */
		16C9E23782F28FB4FF7B71C5 /* [CP] Embed Pods Frameworks */ = {
			isa = PBXShellScriptBuildPhase;
			buildActionMask = 2147483647;
			files = (
			);
			inputFileListPaths = (
				"${PODS_ROOT}/Target Support Files/Pods-Parstagram/Pods-Parstagram-frameworks-${CONFIGURATION}-input-files.xcfilelist",
			);
			name = "[CP] Embed Pods Frameworks";
			outputFileListPaths = (
				"${PODS_ROOT}/Target Support Files/Pods-Parstagram/Pods-Parstagram-frameworks-${CONFIGURATION}-output-files.xcfilelist",
			);
			runOnlyForDeploymentPostprocessing = 0;
			shellPath = /bin/sh;
			shellScript = "\"${PODS_ROOT}/Target Support Files/Pods-Parstagram/Pods-Parstagram-frameworks.sh\"\n";
			showEnvVarsInLog = 0;
		};
		5F9437AF30314D618AFCB57A /* [CP] Check Pods Manifest.lock */ = {
			isa = PBXShellScriptBuildPhase;
			buildActionMask = 2147483647;
			files = (
			);
			inputFileListPaths = (
			);
			inputPaths = (
				"${PODS_PODFILE_DIR_PATH}/Podfile.lock",
				"${PODS_ROOT}/Manifest.lock",
			);
			name = "[CP] Check Pods Manifest.lock";
			outputFileListPaths = (
			);
			outputPaths = (
				"$(DERIVED_FILE_DIR)/Pods-Parstagram-checkManifestLockResult.txt",
			);
			runOnlyForDeploymentPostprocessing = 0;
			shellPath = /bin/sh;
			shellScript = "diff \"${PODS_PODFILE_DIR_PATH}/Podfile.lock\" \"${PODS_ROOT}/Manifest.lock\" > /dev/null\nif [ $? != 0 ] ; then\n    # print error to STDERR\n    echo \"error: The sandbox is not in sync with the Podfile.lock. Run 'pod install' or update your CocoaPods installation.\" >&2\n    exit 1\nfi\n# This output is used by Xcode 'outputs' to avoid re-running this script phase.\necho \"SUCCESS\" > \"${SCRIPT_OUTPUT_FILE_0}\"\n";
			showEnvVarsInLog = 0;
		};
/* End PBXShellScriptBuildPhase section */

/* Begin PBXSourcesBuildPhase section */
		17BDF07B237FAEEA004A84CC /* Sources */ = {
			isa = PBXSourcesBuildPhase;
			buildActionMask = 2147483647;
			files = (
				17CEEECD237FB340006A7CCF /* LoginViewController.swift in Sources */,
				17CEEED1237FBB87006A7CCF /* CameraViewController.swift in Sources */,
				17BDF083237FAEEA004A84CC /* AppDelegate.swift in Sources */,
				17CEEECF237FB359006A7CCF /* FeedViewController.swift in Sources */,
				17BDF085237FAEEA004A84CC /* SceneDelegate.swift in Sources */,
				17CEEED3237FCCFC006A7CCF /* PostCell.swift in Sources */,
			);
			runOnlyForDeploymentPostprocessing = 0;
		};
/* End PBXSourcesBuildPhase section */

/* Begin PBXVariantGroup section */
		17BDF088237FAEEA004A84CC /* Main.storyboard */ = {
			isa = PBXVariantGroup;
			children = (
				17BDF089237FAEEA004A84CC /* Base */,
			);
			name = Main.storyboard;
			sourceTree = "<group>";
		};
		17BDF08D237FAEEF004A84CC /* LaunchScreen.storyboard */ = {
			isa = PBXVariantGroup;
			children = (
				17BDF08E237FAEEF004A84CC /* Base */,
			);
			name = LaunchScreen.storyboard;
			sourceTree = "<group>";
		};
/* End PBXVariantGroup section */

/* Begin XCBuildConfiguration section */
		17BDF091237FAEEF004A84CC /* Debug */ = {
			isa = XCBuildConfiguration;
			buildSettings = {
				ALWAYS_SEARCH_USER_PATHS = NO;
				CLANG_ANALYZER_NONNULL = YES;
				CLANG_ANALYZER_NUMBER_OBJECT_CONVERSION = YES_AGGRESSIVE;
				CLANG_CXX_LANGUAGE_STANDARD = "gnu++14";
				CLANG_CXX_LIBRARY = "libc++";
				CLANG_ENABLE_MODULES = YES;
				CLANG_ENABLE_OBJC_ARC = YES;
				CLANG_ENABLE_OBJC_WEAK = YES;
				CLANG_WARN_BLOCK_CAPTURE_AUTORELEASING = YES;
				CLANG_WARN_BOOL_CONVERSION = YES;
				CLANG_WARN_COMMA = YES;
				CLANG_WARN_CONSTANT_CONVERSION = YES;
				CLANG_WARN_DEPRECATED_OBJC_IMPLEMENTATIONS = YES;
				CLANG_WARN_DIRECT_OBJC_ISA_USAGE = YES_ERROR;
				CLANG_WARN_DOCUMENTATION_COMMENTS = YES;
				CLANG_WARN_EMPTY_BODY = YES;
				CLANG_WARN_ENUM_CONVERSION = YES;
				CLANG_WARN_INFINITE_RECURSION = YES;
				CLANG_WARN_INT_CONVERSION = YES;
				CLANG_WARN_NON_LITERAL_NULL_CONVERSION = YES;
				CLANG_WARN_OBJC_IMPLICIT_RETAIN_SELF = YES;
				CLANG_WARN_OBJC_LITERAL_CONVERSION = YES;
				CLANG_WARN_OBJC_ROOT_CLASS = YES_ERROR;
				CLANG_WARN_RANGE_LOOP_ANALYSIS = YES;
				CLANG_WARN_STRICT_PROTOTYPES = YES;
				CLANG_WARN_SUSPICIOUS_MOVE = YES;
				CLANG_WARN_UNGUARDED_AVAILABILITY = YES_AGGRESSIVE;
				CLANG_WARN_UNREACHABLE_CODE = YES;
				CLANG_WARN__DUPLICATE_METHOD_MATCH = YES;
				COPY_PHASE_STRIP = NO;
				DEBUG_INFORMATION_FORMAT = dwarf;
				ENABLE_STRICT_OBJC_MSGSEND = YES;
				ENABLE_TESTABILITY = YES;
				GCC_C_LANGUAGE_STANDARD = gnu11;
				GCC_DYNAMIC_NO_PIC = NO;
				GCC_NO_COMMON_BLOCKS = YES;
				GCC_OPTIMIZATION_LEVEL = 0;
				GCC_PREPROCESSOR_DEFINITIONS = (
					"DEBUG=1",
					"$(inherited)",
				);
				GCC_WARN_64_TO_32_BIT_CONVERSION = YES;
				GCC_WARN_ABOUT_RETURN_TYPE = YES_ERROR;
				GCC_WARN_UNDECLARED_SELECTOR = YES;
				GCC_WARN_UNINITIALIZED_AUTOS = YES_AGGRESSIVE;
				GCC_WARN_UNUSED_FUNCTION = YES;
				GCC_WARN_UNUSED_VARIABLE = YES;
				IPHONEOS_DEPLOYMENT_TARGET = 13.0;
				MTL_ENABLE_DEBUG_INFO = INCLUDE_SOURCE;
				MTL_FAST_MATH = YES;
				ONLY_ACTIVE_ARCH = YES;
				SDKROOT = iphoneos;
				SWIFT_ACTIVE_COMPILATION_CONDITIONS = DEBUG;
				SWIFT_OPTIMIZATION_LEVEL = "-Onone";
			};
			name = Debug;
		};
		17BDF092237FAEEF004A84CC /* Release */ = {
			isa = XCBuildConfiguration;
			buildSettings = {
				ALWAYS_SEARCH_USER_PATHS = NO;
				CLANG_ANALYZER_NONNULL = YES;
				CLANG_ANALYZER_NUMBER_OBJECT_CONVERSION = YES_AGGRESSIVE;
				CLANG_CXX_LANGUAGE_STANDARD = "gnu++14";
				CLANG_CXX_LIBRARY = "libc++";
				CLANG_ENABLE_MODULES = YES;
				CLANG_ENABLE_OBJC_ARC = YES;
				CLANG_ENABLE_OBJC_WEAK = YES;
				CLANG_WARN_BLOCK_CAPTURE_AUTORELEASING = YES;
				CLANG_WARN_BOOL_CONVERSION = YES;
				CLANG_WARN_COMMA = YES;
				CLANG_WARN_CONSTANT_CONVERSION = YES;
				CLANG_WARN_DEPRECATED_OBJC_IMPLEMENTATIONS = YES;
				CLANG_WARN_DIRECT_OBJC_ISA_USAGE = YES_ERROR;
				CLANG_WARN_DOCUMENTATION_COMMENTS = YES;
				CLANG_WARN_EMPTY_BODY = YES;
				CLANG_WARN_ENUM_CONVERSION = YES;
				CLANG_WARN_INFINITE_RECURSION = YES;
				CLANG_WARN_INT_CONVERSION = YES;
				CLANG_WARN_NON_LITERAL_NULL_CONVERSION = YES;
				CLANG_WARN_OBJC_IMPLICIT_RETAIN_SELF = YES;
				CLANG_WARN_OBJC_LITERAL_CONVERSION = YES;
				CLANG_WARN_OBJC_ROOT_CLASS = YES_ERROR;
				CLANG_WARN_RANGE_LOOP_ANALYSIS = YES;
				CLANG_WARN_STRICT_PROTOTYPES = YES;
				CLANG_WARN_SUSPICIOUS_MOVE = YES;
				CLANG_WARN_UNGUARDED_AVAILABILITY = YES_AGGRESSIVE;
				CLANG_WARN_UNREACHABLE_CODE = YES;
				CLANG_WARN__DUPLICATE_METHOD_MATCH = YES;
				COPY_PHASE_STRIP = NO;
				DEBUG_INFORMATION_FORMAT = "dwarf-with-dsym";
				ENABLE_NS_ASSERTIONS = NO;
				ENABLE_STRICT_OBJC_MSGSEND = YES;
				GCC_C_LANGUAGE_STANDARD = gnu11;
				GCC_NO_COMMON_BLOCKS = YES;
				GCC_WARN_64_TO_32_BIT_CONVERSION = YES;
				GCC_WARN_ABOUT_RETURN_TYPE = YES_ERROR;
				GCC_WARN_UNDECLARED_SELECTOR = YES;
				GCC_WARN_UNINITIALIZED_AUTOS = YES_AGGRESSIVE;
				GCC_WARN_UNUSED_FUNCTION = YES;
				GCC_WARN_UNUSED_VARIABLE = YES;
				IPHONEOS_DEPLOYMENT_TARGET = 13.0;
				MTL_ENABLE_DEBUG_INFO = NO;
				MTL_FAST_MATH = YES;
				SDKROOT = iphoneos;
				SWIFT_COMPILATION_MODE = wholemodule;
				SWIFT_OPTIMIZATION_LEVEL = "-O";
				VALIDATE_PRODUCT = YES;
			};
			name = Release;
		};
		17BDF094237FAEEF004A84CC /* Debug */ = {
			isa = XCBuildConfiguration;
			baseConfigurationReference = 2C6FC7FBBFABFFC50FC7F6D4 /* Pods-Parstagram.debug.xcconfig */;
			buildSettings = {
				ASSETCATALOG_COMPILER_APPICON_NAME = AppIcon;
				CODE_SIGN_STYLE = Automatic;
				INFOPLIST_FILE = Parstagram/Info.plist;
				LD_RUNPATH_SEARCH_PATHS = (
					"$(inherited)",
					"@executable_path/Frameworks",
				);
				PRODUCT_BUNDLE_IDENTIFIER = com.diarreola.Parstagram;
				PRODUCT_NAME = "$(TARGET_NAME)";
				SWIFT_VERSION = 5.0;
				TARGETED_DEVICE_FAMILY = "1,2";
			};
			name = Debug;
		};
		17BDF095237FAEEF004A84CC /* Release */ = {
			isa = XCBuildConfiguration;
			baseConfigurationReference = 769CFCFB8871084ED758C860 /* Pods-Parstagram.release.xcconfig */;
			buildSettings = {
				ASSETCATALOG_COMPILER_APPICON_NAME = AppIcon;
				CODE_SIGN_STYLE = Automatic;
				INFOPLIST_FILE = Parstagram/Info.plist;
				LD_RUNPATH_SEARCH_PATHS = (
					"$(inherited)",
					"@executable_path/Frameworks",
				);
				PRODUCT_BUNDLE_IDENTIFIER = com.diarreola.Parstagram;
				PRODUCT_NAME = "$(TARGET_NAME)";
				SWIFT_VERSION = 5.0;
				TARGETED_DEVICE_FAMILY = "1,2";
			};
			name = Release;
		};
/* End XCBuildConfiguration section */

/* Begin XCConfigurationList section */
		17BDF07A237FAEEA004A84CC /* Build configuration list for PBXProject "Parstagram" */ = {
			isa = XCConfigurationList;
			buildConfigurations = (
				17BDF091237FAEEF004A84CC /* Debug */,
				17BDF092237FAEEF004A84CC /* Release */,
			);
			defaultConfigurationIsVisible = 0;
			defaultConfigurationName = Release;
		};
		17BDF093237FAEEF004A84CC /* Build configuration list for PBXNativeTarget "Parstagram" */ = {
			isa = XCConfigurationList;
			buildConfigurations = (
				17BDF094237FAEEF004A84CC /* Debug */,
				17BDF095237FAEEF004A84CC /* Release */,
			);
			defaultConfigurationIsVisible = 0;
			defaultConfigurationName = Release;
		};
/* End XCConfigurationList section */
	};
	rootObject = 17BDF077237FAEEA004A84CC /* Project object */;
}
